
Microsoft Visual Studio Solution File, Format Version 12.00
# Visual Studio Version 17
VisualStudioVersion = 17.5.33414.496
MinimumVisualStudioVersion = 10.0.40219.1
Project("{9A19103F-16F7-4668-BE54-9A1E7A4F7556}") = "FasterPharaoh", "FasterPharaoh.csproj", "{3EA0CA5F-D17C-42CD-8065-91852618766C}"
EndProject
Global
	GlobalSection(SolutionConfigurationPlatforms) = preSolution
		Debug|Any CPU = Debug|Any CPU
		Release|Any CPU = Release|Any CPU
	EndGlobalSection
	GlobalSection(ProjectConfigurationPlatforms) = postSolution
		{3EA0CA5F-D17C-42CD-8065-91852618766C}.Debug|Any CPU.ActiveCfg = Debug|Any CPU
		{3EA0CA5F-D17C-42CD-8065-91852618766C}.Debug|Any CPU.Build.0 = Debug|Any CPU
		{3EA0CA5F-D17C-42CD-8065-91852618766C}.Release|Any CPU.ActiveCfg = Release|Any CPU
		{3EA0CA5F-D17C-42CD-8065-91852618766C}.Release|Any CPU.Build.0 = Release|Any CPU
	EndGlobalSection
	GlobalSection(SolutionProperties) = preSolution
		HideSolutionNode = FALSE
	EndGlobalSection
	GlobalSection(ExtensibilityGlobals) = postSolution
		SolutionGuid = {6B5F6B39-8C2B-48BD-A1E7-C6C5F10AF5E6}
	EndGlobalSection
EndGlobal
